// !$*UTF8*$!
{
	archiveVersion = 1;
	classes = {
	};
	objectVersion = 46;
	objects = {

/* Begin PBXBuildFile section */
		93014D431AC8634C00BF1DAC /* AppDelegate.swift in Sources */ = {isa = PBXBuildFile; fileRef = 93014D421AC8634C00BF1DAC /* AppDelegate.swift */; };
		93014D451AC8634C00BF1DAC /* ViewController.swift in Sources */ = {isa = PBXBuildFile; fileRef = 93014D441AC8634C00BF1DAC /* ViewController.swift */; };
		93014D481AC8634C00BF1DAC /* Main.storyboard in Resources */ = {isa = PBXBuildFile; fileRef = 93014D461AC8634C00BF1DAC /* Main.storyboard */; };
		93014D4A1AC8634C00BF1DAC /* Images.xcassets in Resources */ = {isa = PBXBuildFile; fileRef = 93014D491AC8634C00BF1DAC /* Images.xcassets */; };
		93014D4D1AC8634C00BF1DAC /* LaunchScreen.xib in Resources */ = {isa = PBXBuildFile; fileRef = 93014D4B1AC8634C00BF1DAC /* LaunchScreen.xib */; };
		93014D591AC8634C00BF1DAC /* ThirstyTests.swift in Sources */ = {isa = PBXBuildFile; fileRef = 93014D581AC8634C00BF1DAC /* ThirstyTests.swift */; };
		9378ADF61AC86406006C82AA /* Bolts.framework in Frameworks */ = {isa = PBXBuildFile; fileRef = 9378ADF01AC86406006C82AA /* Bolts.framework */; };
		9378ADF71AC86406006C82AA /* Parse.framework in Frameworks */ = {isa = PBXBuildFile; fileRef = 9378ADF11AC86406006C82AA /* Parse.framework */; };
		9378ADF81AC86406006C82AA /* ParseCrashReporting.framework in Frameworks */ = {isa = PBXBuildFile; fileRef = 9378ADF21AC86406006C82AA /* ParseCrashReporting.framework */; };
		9378ADF91AC86406006C82AA /* ParseFacebookUtils.framework in Frameworks */ = {isa = PBXBuildFile; fileRef = 9378ADF31AC86406006C82AA /* ParseFacebookUtils.framework */; };
		9378ADFA1AC86406006C82AA /* ParseFacebookUtilsV4.framework in Frameworks */ = {isa = PBXBuildFile; fileRef = 9378ADF41AC86406006C82AA /* ParseFacebookUtilsV4.framework */; };
		9378ADFB1AC86406006C82AA /* ParseUI.framework in Frameworks */ = {isa = PBXBuildFile; fileRef = 9378ADF51AC86406006C82AA /* ParseUI.framework */; };
		9378ADFD1AC8655D006C82AA /* AudioToolbox.framework in Frameworks */ = {isa = PBXBuildFile; fileRef = 9378ADFC1AC8655D006C82AA /* AudioToolbox.framework */; };
		9378ADFF1AC86563006C82AA /* CFNetwork.framework in Frameworks */ = {isa = PBXBuildFile; fileRef = 9378ADFE1AC86563006C82AA /* CFNetwork.framework */; };
		9378AE011AC8656B006C82AA /* CoreGraphics.framework in Frameworks */ = {isa = PBXBuildFile; fileRef = 9378AE001AC8656B006C82AA /* CoreGraphics.framework */; };
		9378AE031AC86572006C82AA /* CoreLocation.framework in Frameworks */ = {isa = PBXBuildFile; fileRef = 9378AE021AC86572006C82AA /* CoreLocation.framework */; };
		9378AE051AC86579006C82AA /* MobileCoreServices.framework in Frameworks */ = {isa = PBXBuildFile; fileRef = 9378AE041AC86579006C82AA /* MobileCoreServices.framework */; };
		9378AE071AC86581006C82AA /* QuartzCore.framework in Frameworks */ = {isa = PBXBuildFile; fileRef = 9378AE061AC86581006C82AA /* QuartzCore.framework */; };
		9378AE091AC86589006C82AA /* Security.framework in Frameworks */ = {isa = PBXBuildFile; fileRef = 9378AE081AC86589006C82AA /* Security.framework */; };
		9378AE0B1AC86591006C82AA /* StoreKit.framework in Frameworks */ = {isa = PBXBuildFile; fileRef = 9378AE0A1AC86591006C82AA /* StoreKit.framework */; };
		9378AE0D1AC86598006C82AA /* SystemConfiguration.framework in Frameworks */ = {isa = PBXBuildFile; fileRef = 9378AE0C1AC86598006C82AA /* SystemConfiguration.framework */; };
		9378AE0F1AC8659E006C82AA /* libz.dylib in Frameworks */ = {isa = PBXBuildFile; fileRef = 9378AE0E1AC8659E006C82AA /* libz.dylib */; };
		9378AE111AC865A7006C82AA /* libsqlite3.dylib in Frameworks */ = {isa = PBXBuildFile; fileRef = 9378AE101AC865A7006C82AA /* libsqlite3.dylib */; };
/* End PBXBuildFile section */

/* Begin PBXContainerItemProxy section */
		93014D531AC8634C00BF1DAC /* PBXContainerItemProxy */ = {
			isa = PBXContainerItemProxy;
			containerPortal = 93014D351AC8634C00BF1DAC /* Project object */;
			proxyType = 1;
			remoteGlobalIDString = 93014D3C1AC8634C00BF1DAC;
			remoteInfo = Thirsty;
		};
/* End PBXContainerItemProxy section */

/* Begin PBXFileReference section */
		93014D3D1AC8634C00BF1DAC /* Thirsty.app */ = {isa = PBXFileReference; explicitFileType = wrapper.application; includeInIndex = 0; path = Thirsty.app; sourceTree = BUILT_PRODUCTS_DIR; };
		93014D411AC8634C00BF1DAC /* Info.plist */ = {isa = PBXFileReference; lastKnownFileType = text.plist.xml; path = Info.plist; sourceTree = "<group>"; };
		93014D421AC8634C00BF1DAC /* AppDelegate.swift */ = {isa = PBXFileReference; lastKnownFileType = sourcecode.swift; path = AppDelegate.swift; sourceTree = "<group>"; };
		93014D441AC8634C00BF1DAC /* ViewController.swift */ = {isa = PBXFileReference; lastKnownFileType = sourcecode.swift; path = ViewController.swift; sourceTree = "<group>"; };
		93014D471AC8634C00BF1DAC /* Base */ = {isa = PBXFileReference; lastKnownFileType = file.storyboard; name = Base; path = Base.lproj/Main.storyboard; sourceTree = "<group>"; };
		93014D491AC8634C00BF1DAC /* Images.xcassets */ = {isa = PBXFileReference; lastKnownFileType = folder.assetcatalog; path = Images.xcassets; sourceTree = "<group>"; };
		93014D4C1AC8634C00BF1DAC /* Base */ = {isa = PBXFileReference; lastKnownFileType = file.xib; name = Base; path = Base.lproj/LaunchScreen.xib; sourceTree = "<group>"; };
		93014D521AC8634C00BF1DAC /* ThirstyTests.xctest */ = {isa = PBXFileReference; explicitFileType = wrapper.cfbundle; includeInIndex = 0; path = ThirstyTests.xctest; sourceTree = BUILT_PRODUCTS_DIR; };
		93014D571AC8634C00BF1DAC /* Info.plist */ = {isa = PBXFileReference; lastKnownFileType = text.plist.xml; path = Info.plist; sourceTree = "<group>"; };
		93014D581AC8634C00BF1DAC /* ThirstyTests.swift */ = {isa = PBXFileReference; lastKnownFileType = sourcecode.swift; path = ThirstyTests.swift; sourceTree = "<group>"; };
		9378ADF01AC86406006C82AA /* Bolts.framework */ = {isa = PBXFileReference; lastKnownFileType = wrapper.framework; path = Bolts.framework; sourceTree = "<group>"; };
		9378ADF11AC86406006C82AA /* Parse.framework */ = {isa = PBXFileReference; lastKnownFileType = wrapper.framework; path = Parse.framework; sourceTree = "<group>"; };
		9378ADF21AC86406006C82AA /* ParseCrashReporting.framework */ = {isa = PBXFileReference; lastKnownFileType = wrapper.framework; path = ParseCrashReporting.framework; sourceTree = "<group>"; };
		9378ADF31AC86406006C82AA /* ParseFacebookUtils.framework */ = {isa = PBXFileReference; lastKnownFileType = wrapper.framework; path = ParseFacebookUtils.framework; sourceTree = "<group>"; };
		9378ADF41AC86406006C82AA /* ParseFacebookUtilsV4.framework */ = {isa = PBXFileReference; lastKnownFileType = wrapper.framework; path = ParseFacebookUtilsV4.framework; sourceTree = "<group>"; };
		9378ADF51AC86406006C82AA /* ParseUI.framework */ = {isa = PBXFileReference; lastKnownFileType = wrapper.framework; path = ParseUI.framework; sourceTree = "<group>"; };
		9378ADFC1AC8655D006C82AA /* AudioToolbox.framework */ = {isa = PBXFileReference; lastKnownFileType = wrapper.framework; name = AudioToolbox.framework; path = System/Library/Frameworks/AudioToolbox.framework; sourceTree = SDKROOT; };
		9378ADFE1AC86563006C82AA /* CFNetwork.framework */ = {isa = PBXFileReference; lastKnownFileType = wrapper.framework; name = CFNetwork.framework; path = System/Library/Frameworks/CFNetwork.framework; sourceTree = SDKROOT; };
		9378AE001AC8656B006C82AA /* CoreGraphics.framework */ = {isa = PBXFileReference; lastKnownFileType = wrapper.framework; name = CoreGraphics.framework; path = System/Library/Frameworks/CoreGraphics.framework; sourceTree = SDKROOT; };
		9378AE021AC86572006C82AA /* CoreLocation.framework */ = {isa = PBXFileReference; lastKnownFileType = wrapper.framework; name = CoreLocation.framework; path = System/Library/Frameworks/CoreLocation.framework; sourceTree = SDKROOT; };
		9378AE041AC86579006C82AA /* MobileCoreServices.framework */ = {isa = PBXFileReference; lastKnownFileType = wrapper.framework; name = MobileCoreServices.framework; path = System/Library/Frameworks/MobileCoreServices.framework; sourceTree = SDKROOT; };
		9378AE061AC86581006C82AA /* QuartzCore.framework */ = {isa = PBXFileReference; lastKnownFileType = wrapper.framework; name = QuartzCore.framework; path = System/Library/Frameworks/QuartzCore.framework; sourceTree = SDKROOT; };
		9378AE081AC86589006C82AA /* Security.framework */ = {isa = PBXFileReference; lastKnownFileType = wrapper.framework; name = Security.framework; path = System/Library/Frameworks/Security.framework; sourceTree = SDKROOT; };
		9378AE0A1AC86591006C82AA /* StoreKit.framework */ = {isa = PBXFileReference; lastKnownFileType = wrapper.framework; name = StoreKit.framework; path = System/Library/Frameworks/StoreKit.framework; sourceTree = SDKROOT; };
		9378AE0C1AC86598006C82AA /* SystemConfiguration.framework */ = {isa = PBXFileReference; lastKnownFileType = wrapper.framework; name = SystemConfiguration.framework; path = System/Library/Frameworks/SystemConfiguration.framework; sourceTree = SDKROOT; };
		9378AE0E1AC8659E006C82AA /* libz.dylib */ = {isa = PBXFileReference; lastKnownFileType = "compiled.mach-o.dylib"; name = libz.dylib; path = usr/lib/libz.dylib; sourceTree = SDKROOT; };
		9378AE101AC865A7006C82AA /* libsqlite3.dylib */ = {isa = PBXFileReference; lastKnownFileType = "compiled.mach-o.dylib"; name = libsqlite3.dylib; path = usr/lib/libsqlite3.dylib; sourceTree = SDKROOT; };
/* End PBXFileReference section */

/* Begin PBXFrameworksBuildPhase section */
		93014D3A1AC8634C00BF1DAC /* Frameworks */ = {
			isa = PBXFrameworksBuildPhase;
			buildActionMask = 2147483647;
			files = (
				9378AE111AC865A7006C82AA /* libsqlite3.dylib in Frameworks */,
				9378AE0F1AC8659E006C82AA /* libz.dylib in Frameworks */,
				9378AE0D1AC86598006C82AA /* SystemConfiguration.framework in Frameworks */,
				9378AE0B1AC86591006C82AA /* StoreKit.framework in Frameworks */,
				9378AE091AC86589006C82AA /* Security.framework in Frameworks */,
				9378AE071AC86581006C82AA /* QuartzCore.framework in Frameworks */,
				9378AE051AC86579006C82AA /* MobileCoreServices.framework in Frameworks */,
				9378AE031AC86572006C82AA /* CoreLocation.framework in Frameworks */,
				9378AE011AC8656B006C82AA /* CoreGraphics.framework in Frameworks */,
				9378ADFF1AC86563006C82AA /* CFNetwork.framework in Frameworks */,
				9378ADFD1AC8655D006C82AA /* AudioToolbox.framework in Frameworks */,
				9378ADFB1AC86406006C82AA /* ParseUI.framework in Frameworks */,
				9378ADF71AC86406006C82AA /* Parse.framework in Frameworks */,
				9378ADF81AC86406006C82AA /* ParseCrashReporting.framework in Frameworks */,
				9378ADF91AC86406006C82AA /* ParseFacebookUtils.framework in Frameworks */,
				9378ADF61AC86406006C82AA /* Bolts.framework in Frameworks */,
				9378ADFA1AC86406006C82AA /* ParseFacebookUtilsV4.framework in Frameworks */,
			);
			runOnlyForDeploymentPostprocessing = 0;
		};
		93014D4F1AC8634C00BF1DAC /* Frameworks */ = {
			isa = PBXFrameworksBuildPhase;
			buildActionMask = 2147483647;
			files = (
			);
			runOnlyForDeploymentPostprocessing = 0;
		};
/* End PBXFrameworksBuildPhase section */

/* Begin PBXGroup section */
		93014D341AC8634C00BF1DAC = {
			isa = PBXGroup;
			children = (
				93014D3F1AC8634C00BF1DAC /* Thirsty */,
				93014D551AC8634C00BF1DAC /* ThirstyTests */,
				93014D3E1AC8634C00BF1DAC /* Products */,
			);
			sourceTree = "<group>";
		};
		93014D3E1AC8634C00BF1DAC /* Products */ = {
			isa = PBXGroup;
			children = (
				93014D3D1AC8634C00BF1DAC /* Thirsty.app */,
				93014D521AC8634C00BF1DAC /* ThirstyTests.xctest */,
			);
			name = Products;
			sourceTree = "<group>";
		};
		93014D3F1AC8634C00BF1DAC /* Thirsty */ = {
			isa = PBXGroup;
			children = (
				93014D421AC8634C00BF1DAC /* AppDelegate.swift */,
				93014D441AC8634C00BF1DAC /* ViewController.swift */,
				93014D461AC8634C00BF1DAC /* Main.storyboard */,
				93014D491AC8634C00BF1DAC /* Images.xcassets */,
				93014D4B1AC8634C00BF1DAC /* LaunchScreen.xib */,
				9378ADEF1AC86406006C82AA /* Frameworks */,
				93014D401AC8634C00BF1DAC /* Supporting Files */,
			);
			path = Thirsty;
			sourceTree = "<group>";
		};
		93014D401AC8634C00BF1DAC /* Supporting Files */ = {
			isa = PBXGroup;
			children = (
				93014D411AC8634C00BF1DAC /* Info.plist */,
			);
			name = "Supporting Files";
			sourceTree = "<group>";
		};
		93014D551AC8634C00BF1DAC /* ThirstyTests */ = {
			isa = PBXGroup;
			children = (
				93014D581AC8634C00BF1DAC /* ThirstyTests.swift */,
				93014D561AC8634C00BF1DAC /* Supporting Files */,
			);
			path = ThirstyTests;
			sourceTree = "<group>";
		};
		93014D561AC8634C00BF1DAC /* Supporting Files */ = {
			isa = PBXGroup;
			children = (
				93014D571AC8634C00BF1DAC /* Info.plist */,
			);
			name = "Supporting Files";
			sourceTree = "<group>";
		};
		9378ADEF1AC86406006C82AA /* Frameworks */ = {
			isa = PBXGroup;
			children = (
				9378AE101AC865A7006C82AA /* libsqlite3.dylib */,
				9378AE0E1AC8659E006C82AA /* libz.dylib */,
				9378AE0C1AC86598006C82AA /* SystemConfiguration.framework */,
				9378AE0A1AC86591006C82AA /* StoreKit.framework */,
				9378AE081AC86589006C82AA /* Security.framework */,
				9378AE061AC86581006C82AA /* QuartzCore.framework */,
				9378AE041AC86579006C82AA /* MobileCoreServices.framework */,
				9378AE021AC86572006C82AA /* CoreLocation.framework */,
				9378AE001AC8656B006C82AA /* CoreGraphics.framework */,
				9378ADFE1AC86563006C82AA /* CFNetwork.framework */,
				9378ADFC1AC8655D006C82AA /* AudioToolbox.framework */,
				9378ADF01AC86406006C82AA /* Bolts.framework */,
				9378ADF11AC86406006C82AA /* Parse.framework */,
				9378ADF21AC86406006C82AA /* ParseCrashReporting.framework */,
				9378ADF31AC86406006C82AA /* ParseFacebookUtils.framework */,
				9378ADF41AC86406006C82AA /* ParseFacebookUtilsV4.framework */,
				9378ADF51AC86406006C82AA /* ParseUI.framework */,
			);
			name = Frameworks;
			path = "../../../../ios app projects/Production Apps/Thirsty/Thirsty/Frameworks";
			sourceTree = "<group>";
		};
/* End PBXGroup section */

/* Begin PBXNativeTarget section */
		93014D3C1AC8634C00BF1DAC /* Thirsty */ = {
			isa = PBXNativeTarget;
			buildConfigurationList = 93014D5C1AC8634C00BF1DAC /* Build configuration list for PBXNativeTarget "Thirsty" */;
			buildPhases = (
				93014D391AC8634C00BF1DAC /* Sources */,
				93014D3A1AC8634C00BF1DAC /* Frameworks */,
				93014D3B1AC8634C00BF1DAC /* Resources */,
			);
			buildRules = (
			);
			dependencies = (
			);
			name = Thirsty;
			productName = Thirsty;
			productReference = 93014D3D1AC8634C00BF1DAC /* Thirsty.app */;
			productType = "com.apple.product-type.application";
		};
		93014D511AC8634C00BF1DAC /* ThirstyTests */ = {
			isa = PBXNativeTarget;
			buildConfigurationList = 93014D5F1AC8634C00BF1DAC /* Build configuration list for PBXNativeTarget "ThirstyTests" */;
			buildPhases = (
				93014D4E1AC8634C00BF1DAC /* Sources */,
				93014D4F1AC8634C00BF1DAC /* Frameworks */,
				93014D501AC8634C00BF1DAC /* Resources */,
			);
			buildRules = (
			);
			dependencies = (
				93014D541AC8634C00BF1DAC /* PBXTargetDependency */,
			);
			name = ThirstyTests;
			productName = ThirstyTests;
			productReference = 93014D521AC8634C00BF1DAC /* ThirstyTests.xctest */;
			productType = "com.apple.product-type.bundle.unit-test";
		};
/* End PBXNativeTarget section */

/* Begin PBXProject section */
		93014D351AC8634C00BF1DAC /* Project object */ = {
			isa = PBXProject;
			attributes = {
				LastUpgradeCheck = 0620;
				ORGANIZATIONNAME = "Final Boss Software";
				TargetAttributes = {
					93014D3C1AC8634C00BF1DAC = {
						CreatedOnToolsVersion = 6.2;
					};
					93014D511AC8634C00BF1DAC = {
						CreatedOnToolsVersion = 6.2;
						TestTargetID = 93014D3C1AC8634C00BF1DAC;
					};
				};
			};
			buildConfigurationList = 93014D381AC8634C00BF1DAC /* Build configuration list for PBXProject "Thirsty" */;
			compatibilityVersion = "Xcode 3.2";
			developmentRegion = English;
			hasScannedForEncodings = 0;
			knownRegions = (
				en,
				Base,
			);
			mainGroup = 93014D341AC8634C00BF1DAC;
			productRefGroup = 93014D3E1AC8634C00BF1DAC /* Products */;
			projectDirPath = "";
			projectRoot = "";
			targets = (
				93014D3C1AC8634C00BF1DAC /* Thirsty */,
				93014D511AC8634C00BF1DAC /* ThirstyTests */,
			);
		};
/* End PBXProject section */

/* Begin PBXResourcesBuildPhase section */
		93014D3B1AC8634C00BF1DAC /* Resources */ = {
			isa = PBXResourcesBuildPhase;
			buildActionMask = 2147483647;
			files = (
				93014D481AC8634C00BF1DAC /* Main.storyboard in Resources */,
				93014D4D1AC8634C00BF1DAC /* LaunchScreen.xib in Resources */,
				93014D4A1AC8634C00BF1DAC /* Images.xcassets in Resources */,
			);
			runOnlyForDeploymentPostprocessing = 0;
		};
		93014D501AC8634C00BF1DAC /* Resources */ = {
			isa = PBXResourcesBuildPhase;
			buildActionMask = 2147483647;
			files = (
			);
			runOnlyForDeploymentPostprocessing = 0;
		};
/* End PBXResourcesBuildPhase section */

/* Begin PBXSourcesBuildPhase section */
		93014D391AC8634C00BF1DAC /* Sources */ = {
			isa = PBXSourcesBuildPhase;
			buildActionMask = 2147483647;
			files = (
				93014D451AC8634C00BF1DAC /* ViewController.swift in Sources */,
				93014D431AC8634C00BF1DAC /* AppDelegate.swift in Sources */,
			);
			runOnlyForDeploymentPostprocessing = 0;
		};
		93014D4E1AC8634C00BF1DAC /* Sources */ = {
			isa = PBXSourcesBuildPhase;
			buildActionMask = 2147483647;
			files = (
				93014D591AC8634C00BF1DAC /* ThirstyTests.swift in Sources */,
			);
			runOnlyForDeploymentPostprocessing = 0;
		};
/* End PBXSourcesBuildPhase section */

/* Begin PBXTargetDependency section */
		93014D541AC8634C00BF1DAC /* PBXTargetDependency */ = {
			isa = PBXTargetDependency;
			target = 93014D3C1AC8634C00BF1DAC /* Thirsty */;
			targetProxy = 93014D531AC8634C00BF1DAC /* PBXContainerItemProxy */;
		};
/* End PBXTargetDependency section */

/* Begin PBXVariantGroup section */
		93014D461AC8634C00BF1DAC /* Main.storyboard */ = {
			isa = PBXVariantGroup;
			children = (
				93014D471AC8634C00BF1DAC /* Base */,
			);
			name = Main.storyboard;
			sourceTree = "<group>";
		};
		93014D4B1AC8634C00BF1DAC /* LaunchScreen.xib */ = {
			isa = PBXVariantGroup;
			children = (
				93014D4C1AC8634C00BF1DAC /* Base */,
			);
			name = LaunchScreen.xib;
			sourceTree = "<group>";
		};
/* End PBXVariantGroup section */

/* Begin XCBuildConfiguration section */
		93014D5A1AC8634C00BF1DAC /* Debug */ = {
			isa = XCBuildConfiguration;
			buildSettings = {
				ALWAYS_SEARCH_USER_PATHS = NO;
				CLANG_CXX_LANGUAGE_STANDARD = "gnu++0x";
				CLANG_CXX_LIBRARY = "libc++";
				CLANG_ENABLE_MODULES = YES;
				CLANG_ENABLE_OBJC_ARC = YES;
				CLANG_WARN_BOOL_CONVERSION = YES;
				CLANG_WARN_CONSTANT_CONVERSION = YES;
				CLANG_WARN_DIRECT_OBJC_ISA_USAGE = YES_ERROR;
				CLANG_WARN_EMPTY_BODY = YES;
				CLANG_WARN_ENUM_CONVERSION = YES;
				CLANG_WARN_INT_CONVERSION = YES;
				CLANG_WARN_OBJC_ROOT_CLASS = YES_ERROR;
				CLANG_WARN_UNREACHABLE_CODE = YES;
				CLANG_WARN__DUPLICATE_METHOD_MATCH = YES;
				"CODE_SIGN_IDENTITY[sdk=iphoneos*]" = "iPhone Developer";
				COPY_PHASE_STRIP = NO;
				ENABLE_STRICT_OBJC_MSGSEND = YES;
				GCC_C_LANGUAGE_STANDARD = gnu99;
				GCC_DYNAMIC_NO_PIC = NO;
				GCC_OPTIMIZATION_LEVEL = 0;
				GCC_PREPROCESSOR_DEFINITIONS = (
					"DEBUG=1",
					"$(inherited)",
				);
				GCC_SYMBOLS_PRIVATE_EXTERN = NO;
				GCC_WARN_64_TO_32_BIT_CONVERSION = YES;
				GCC_WARN_ABOUT_RETURN_TYPE = YES_ERROR;
				GCC_WARN_UNDECLARED_SELECTOR = YES;
				GCC_WARN_UNINITIALIZED_AUTOS = YES_AGGRESSIVE;
				GCC_WARN_UNUSED_FUNCTION = YES;
				GCC_WARN_UNUSED_VARIABLE = YES;
				IPHONEOS_DEPLOYMENT_TARGET = 8.2;
				MTL_ENABLE_DEBUG_INFO = YES;
				ONLY_ACTIVE_ARCH = YES;
				SDKROOT = iphoneos;
				SWIFT_OPTIMIZATION_LEVEL = "-Onone";
			};
			name = Debug;
		};
		93014D5B1AC8634C00BF1DAC /* Release */ = {
			isa = XCBuildConfiguration;
			buildSettings = {
				ALWAYS_SEARCH_USER_PATHS = NO;
				CLANG_CXX_LANGUAGE_STANDARD = "gnu++0x";
				CLANG_CXX_LIBRARY = "libc++";
				CLANG_ENABLE_MODULES = YES;
				CLANG_ENABLE_OBJC_ARC = YES;
				CLANG_WARN_BOOL_CONVERSION = YES;
				CLANG_WARN_CONSTANT_CONVERSION = YES;
				CLANG_WARN_DIRECT_OBJC_ISA_USAGE = YES_ERROR;
				CLANG_WARN_EMPTY_BODY = YES;
				CLANG_WARN_ENUM_CONVERSION = YES;
				CLANG_WARN_INT_CONVERSION = YES;
				CLANG_WARN_OBJC_ROOT_CLASS = YES_ERROR;
				CLANG_WARN_UNREACHABLE_CODE = YES;
				CLANG_WARN__DUPLICATE_METHOD_MATCH = YES;
				"CODE_SIGN_IDENTITY[sdk=iphoneos*]" = "iPhone Developer";
				COPY_PHASE_STRIP = NO;
				ENABLE_NS_ASSERTIONS = NO;
				ENABLE_STRICT_OBJC_MSGSEND = YES;
				GCC_C_LANGUAGE_STANDARD = gnu99;
				GCC_WARN_64_TO_32_BIT_CONVERSION = YES;
				GCC_WARN_ABOUT_RETURN_TYPE = YES_ERROR;
				GCC_WARN_UNDECLARED_SELECTOR = YES;
				GCC_WARN_UNINITIALIZED_AUTOS = YES_AGGRESSIVE;
				GCC_WARN_UNUSED_FUNCTION = YES;
				GCC_WARN_UNUSED_VARIABLE = YES;
				IPHONEOS_DEPLOYMENT_TARGET = 8.2;
				MTL_ENABLE_DEBUG_INFO = NO;
				SDKROOT = iphoneos;
				VALIDATE_PRODUCT = YES;
			};
			name = Release;
		};
		93014D5D1AC8634C00BF1DAC /* Debug */ = {
			isa = XCBuildConfiguration;
			buildSettings = {
				ASSETCATALOG_COMPILER_APPICON_NAME = AppIcon;
				FRAMEWORK_SEARCH_PATHS = (
					"$(inherited)",
					/Users/stephenthomas/Dropbox/ios,
					app,
					projects/Production,
					Apps/Thirsty/Thirsty/Frameworks,
				);
				INFOPLIST_FILE = Thirsty/Info.plist;
				LD_RUNPATH_SEARCH_PATHS = "$(inherited) @executable_path/Frameworks";
				PRODUCT_NAME = "$(TARGET_NAME)";
			};
			name = Debug;
		};
		93014D5E1AC8634C00BF1DAC /* Release */ = {
			isa = XCBuildConfiguration;
			buildSettings = {
				ASSETCATALOG_COMPILER_APPICON_NAME = AppIcon;
				FRAMEWORK_SEARCH_PATHS = (
					"$(inherited)",
					/Users/stephenthomas/Dropbox/ios,
					app,
					projects/Production,
					Apps/Thirsty/Thirsty/Frameworks,
				);
				INFOPLIST_FILE = Thirsty/Info.plist;
				LD_RUNPATH_SEARCH_PATHS = "$(inherited) @executable_path/Frameworks";
				PRODUCT_NAME = "$(TARGET_NAME)";
			};
			name = Release;
		};
		93014D601AC8634C00BF1DAC /* Debug */ = {
			isa = XCBuildConfiguration;
			buildSettings = {
				BUNDLE_LOADER = "$(TEST_HOST)";
				FRAMEWORK_SEARCH_PATHS = (
					"$(SDKROOT)/Developer/Library/Frameworks",
					"$(inherited)",
				);
				GCC_PREPROCESSOR_DEFINITIONS = (
					"DEBUG=1",
					"$(inherited)",
				);
				INFOPLIST_FILE = ThirstyTests/Info.plist;
				LD_RUNPATH_SEARCH_PATHS = "$(inherited) @executable_path/Frameworks @loader_path/Frameworks";
				PRODUCT_NAME = "$(TARGET_NAME)";
				TEST_HOST = "$(BUILT_PRODUCTS_DIR)/Thirsty.app/Thirsty";
			};
			name = Debug;
		};
		93014D611AC8634C00BF1DAC /* Release */ = {
			isa = XCBuildConfiguration;
			buildSettings = {
				BUNDLE_LOADER = "$(TEST_HOST)";
				FRAMEWORK_SEARCH_PATHS = (
					"$(SDKROOT)/Developer/Library/Frameworks",
					"$(inherited)",
				);
				INFOPLIST_FILE = ThirstyTests/Info.plist;
				LD_RUNPATH_SEARCH_PATHS = "$(inherited) @executable_path/Frameworks @loader_path/Frameworks";
				PRODUCT_NAME = "$(TARGET_NAME)";
				TEST_HOST = "$(BUILT_PRODUCTS_DIR)/Thirsty.app/Thirsty";
			};
			name = Release;
		};
/* End XCBuildConfiguration section */

/* Begin XCConfigurationList section */
		93014D381AC8634C00BF1DAC /* Build configuration list for PBXProject "Thirsty" */ = {
			isa = XCConfigurationList;
			buildConfigurations = (
				93014D5A1AC8634C00BF1DAC /* Debug */,
				93014D5B1AC8634C00BF1DAC /* Release */,
			);
			defaultConfigurationIsVisible = 0;
			defaultConfigurationName = Release;
		};
		93014D5C1AC8634C00BF1DAC /* Build configuration list for PBXNativeTarget "Thirsty" */ = {
			isa = XCConfigurationList;
			buildConfigurations = (
				93014D5D1AC8634C00BF1DAC /* Debug */,
				93014D5E1AC8634C00BF1DAC /* Release */,
			);
			defaultConfigurationIsVisible = 0;
			defaultConfigurationName = Release;
		};
		93014D5F1AC8634C00BF1DAC /* Build configuration list for PBXNativeTarget "ThirstyTests" */ = {
			isa = XCConfigurationList;
			buildConfigurations = (
				93014D601AC8634C00BF1DAC /* Debug */,
				93014D611AC8634C00BF1DAC /* Release */,
			);
			defaultConfigurationIsVisible = 0;
			defaultConfigurationName = Release;
		};
/* End XCConfigurationList section */
	};
	rootObject = 93014D351AC8634C00BF1DAC /* Project object */;
}
